
Microsoft Visual Studio Solution File, Format Version 12.00
# Visual Studio Version 16
VisualStudioVersion = 16.0.31729.503
MinimumVisualStudioVersion = 10.0.40219.1
Project("{888888A0-9F3D-457C-B088-3A5042F75D52}") = "TotalPurchases", "TotalPurchases\TotalPurchases.pyproj", "{1EE7C050-5FA2-4681-92BB-589DFB981E06}"
EndProject
Global
	GlobalSection(SolutionConfigurationPlatforms) = preSolution
		Debug|Any CPU = Debug|Any CPU
		Release|Any CPU = Release|Any CPU
	EndGlobalSection
	GlobalSection(ProjectConfigurationPlatforms) = postSolution
		{1EE7C050-5FA2-4681-92BB-589DFB981E06}.Debug|Any CPU.ActiveCfg = Debug|Any CPU
		{1EE7C050-5FA2-4681-92BB-589DFB981E06}.Release|Any CPU.ActiveCfg = Release|Any CPU
	EndGlobalSection
	GlobalSection(SolutionProperties) = preSolution
		HideSolutionNode = FALSE
	EndGlobalSection
	GlobalSection(ExtensibilityGlobals) = postSolution
		SolutionGuid = {E08A0562-FAAE-44C2-B479-9DE6F8C48518}
	EndGlobalSection
EndGlobal
