
Microsoft Visual Studio Solution File, Format Version 12.00
# Visual Studio Version 16
VisualStudioVersion = 16.0.31729.503
MinimumVisualStudioVersion = 10.0.40219.1
Project("{888888A0-9F3D-457C-B088-3A5042F75D52}") = "StadiumSeating", "StadiumSeating\StadiumSeating.pyproj", "{55AAF163-2116-4FF9-B659-98B1E9EDF4B3}"
EndProject
Global
	GlobalSection(SolutionConfigurationPlatforms) = preSolution
		Debug|Any CPU = Debug|Any CPU
		Release|Any CPU = Release|Any CPU
	EndGlobalSection
	GlobalSection(ProjectConfigurationPlatforms) = postSolution
		{55AAF163-2116-4FF9-B659-98B1E9EDF4B3}.Debug|Any CPU.ActiveCfg = Debug|Any CPU
		{55AAF163-2116-4FF9-B659-98B1E9EDF4B3}.Release|Any CPU.ActiveCfg = Release|Any CPU
	EndGlobalSection
	GlobalSection(SolutionProperties) = preSolution
		HideSolutionNode = FALSE
	EndGlobalSection
	GlobalSection(ExtensibilityGlobals) = postSolution
		SolutionGuid = {673E96DA-E12F-45C8-A0F7-EF5CABE15981}
	EndGlobalSection
EndGlobal
