
Microsoft Visual Studio Solution File, Format Version 12.00
# Visual Studio Version 16
VisualStudioVersion = 16.0.31729.503
MinimumVisualStudioVersion = 10.0.40219.1
Project("{888888A0-9F3D-457C-B088-3A5042F75D52}") = "MathQuiz", "MathQuiz\MathQuiz.pyproj", "{DE517A1A-74E9-4783-8E69-F5A0D897E223}"
EndProject
Global
	GlobalSection(SolutionConfigurationPlatforms) = preSolution
		Debug|Any CPU = Debug|Any CPU
		Release|Any CPU = Release|Any CPU
	EndGlobalSection
	GlobalSection(ProjectConfigurationPlatforms) = postSolution
		{DE517A1A-74E9-4783-8E69-F5A0D897E223}.Debug|Any CPU.ActiveCfg = Debug|Any CPU
		{DE517A1A-74E9-4783-8E69-F5A0D897E223}.Release|Any CPU.ActiveCfg = Release|Any CPU
	EndGlobalSection
	GlobalSection(SolutionProperties) = preSolution
		HideSolutionNode = FALSE
	EndGlobalSection
	GlobalSection(ExtensibilityGlobals) = postSolution
		SolutionGuid = {EAC14005-2926-468D-B532-0B84DAC894A6}
	EndGlobalSection
EndGlobal
