
Microsoft Visual Studio Solution File, Format Version 12.00
# Visual Studio Version 16
VisualStudioVersion = 16.0.31729.503
MinimumVisualStudioVersion = 10.0.40219.1
Project("{888888A0-9F3D-457C-B088-3A5042F75D52}") = "Rainfall", "Rainfall\Rainfall.pyproj", "{841E293A-B0B0-4F78-AD30-029165403931}"
EndProject
Global
	GlobalSection(SolutionConfigurationPlatforms) = preSolution
		Debug|Any CPU = Debug|Any CPU
		Release|Any CPU = Release|Any CPU
	EndGlobalSection
	GlobalSection(ProjectConfigurationPlatforms) = postSolution
		{841E293A-B0B0-4F78-AD30-029165403931}.Debug|Any CPU.ActiveCfg = Debug|Any CPU
		{841E293A-B0B0-4F78-AD30-029165403931}.Release|Any CPU.ActiveCfg = Release|Any CPU
	EndGlobalSection
	GlobalSection(SolutionProperties) = preSolution
		HideSolutionNode = FALSE
	EndGlobalSection
	GlobalSection(ExtensibilityGlobals) = postSolution
		SolutionGuid = {C162A84C-746B-4435-8E39-9D8CB0574EA3}
	EndGlobalSection
EndGlobal
